// !$*UTF8*$!
{
	archiveVersion = 1;
	classes = {
	};
	objectVersion = 56;
	objects = {

/* Begin PBXBuildFile section */
		1CA5794A2B8B96480022A39A /* AppDelegate.swift in Sources */ = {isa = PBXBuildFile; fileRef = 1CA579492B8B96480022A39A /* AppDelegate.swift */; };
		1CA5794C2B8B96480022A39A /* SceneDelegate.swift in Sources */ = {isa = PBXBuildFile; fileRef = 1CA5794B2B8B96480022A39A /* SceneDelegate.swift */; };
		1CA5794E2B8B96480022A39A /* SearchViewController.swift in Sources */ = {isa = PBXBuildFile; fileRef = 1CA5794D2B8B96480022A39A /* SearchViewController.swift */; };
		1CA579512B8B96480022A39A /* Main.storyboard in Resources */ = {isa = PBXBuildFile; fileRef = 1CA5794F2B8B96480022A39A /* Main.storyboard */; };
		1CA579532B8B96490022A39A /* Assets.xcassets in Resources */ = {isa = PBXBuildFile; fileRef = 1CA579522B8B96490022A39A /* Assets.xcassets */; };
		1CA579562B8B96490022A39A /* LaunchScreen.storyboard in Resources */ = {isa = PBXBuildFile; fileRef = 1CA579542B8B96490022A39A /* LaunchScreen.storyboard */; };
		1CA5795E2B8B96F40022A39A /* CartViewController.swift in Sources */ = {isa = PBXBuildFile; fileRef = 1CA5795D2B8B96F40022A39A /* CartViewController.swift */; };
		1CA579632B8BD6120022A39A /* GoodsViewController.swift in Sources */ = {isa = PBXBuildFile; fileRef = 1CA579622B8BD6120022A39A /* GoodsViewController.swift */; };
		1CA579652B8CEEB60022A39A /* Model.swift in Sources */ = {isa = PBXBuildFile; fileRef = 1CA579642B8CEEB60022A39A /* Model.swift */; };
		1CCC2A7F2B921B4300E7059D /* NetViewController.swift in Sources */ = {isa = PBXBuildFile; fileRef = 1CCC2A7E2B921B4300E7059D /* NetViewController.swift */; };
		1CCC2A812B9221A700E7059D /* ForYouViewController.swift in Sources */ = {isa = PBXBuildFile; fileRef = 1CCC2A802B9221A700E7059D /* ForYouViewController.swift */; };
		1CCC2A832B92220600E7059D /* BuyViewController.swift in Sources */ = {isa = PBXBuildFile; fileRef = 1CCC2A822B92220600E7059D /* BuyViewController.swift */; };
		1CCC2ACD2B960B6400E7059D /* PresentationViewController.swift in Sources */ = {isa = PBXBuildFile; fileRef = 1CCC2ACC2B960B6400E7059D /* PresentationViewController.swift */; };
		1CCC2ACF2B9638F500E7059D /* PresentCreatorViewController.swift in Sources */ = {isa = PBXBuildFile; fileRef = 1CCC2ACE2B9638F500E7059D /* PresentCreatorViewController.swift */; };
/* End PBXBuildFile section */

/* Begin PBXFileReference section */
		1CA579462B8B96480022A39A /* UIImage.app */ = {isa = PBXFileReference; explicitFileType = wrapper.application; includeInIndex = 0; path = UIImage.app; sourceTree = BUILT_PRODUCTS_DIR; };
		1CA579492B8B96480022A39A /* AppDelegate.swift */ = {isa = PBXFileReference; lastKnownFileType = sourcecode.swift; path = AppDelegate.swift; sourceTree = "<group>"; };
		1CA5794B2B8B96480022A39A /* SceneDelegate.swift */ = {isa = PBXFileReference; lastKnownFileType = sourcecode.swift; path = SceneDelegate.swift; sourceTree = "<group>"; };
		1CA5794D2B8B96480022A39A /* SearchViewController.swift */ = {isa = PBXFileReference; lastKnownFileType = sourcecode.swift; path = SearchViewController.swift; sourceTree = "<group>"; };
		1CA579502B8B96480022A39A /* Base */ = {isa = PBXFileReference; lastKnownFileType = file.storyboard; name = Base; path = Base.lproj/Main.storyboard; sourceTree = "<group>"; };
		1CA579522B8B96490022A39A /* Assets.xcassets */ = {isa = PBXFileReference; lastKnownFileType = folder.assetcatalog; path = Assets.xcassets; sourceTree = "<group>"; };
		1CA579552B8B96490022A39A /* Base */ = {isa = PBXFileReference; lastKnownFileType = file.storyboard; name = Base; path = Base.lproj/LaunchScreen.storyboard; sourceTree = "<group>"; };
		1CA579572B8B96490022A39A /* Info.plist */ = {isa = PBXFileReference; lastKnownFileType = text.plist.xml; path = Info.plist; sourceTree = "<group>"; };
		1CA5795D2B8B96F40022A39A /* CartViewController.swift */ = {isa = PBXFileReference; lastKnownFileType = sourcecode.swift; path = CartViewController.swift; sourceTree = "<group>"; };
		1CA579622B8BD6120022A39A /* GoodsViewController.swift */ = {isa = PBXFileReference; lastKnownFileType = sourcecode.swift; path = GoodsViewController.swift; sourceTree = "<group>"; };
		1CA579642B8CEEB60022A39A /* Model.swift */ = {isa = PBXFileReference; lastKnownFileType = sourcecode.swift; path = Model.swift; sourceTree = "<group>"; };
		1CCC2A7E2B921B4300E7059D /* NetViewController.swift */ = {isa = PBXFileReference; lastKnownFileType = sourcecode.swift; path = NetViewController.swift; sourceTree = "<group>"; };
		1CCC2A802B9221A700E7059D /* ForYouViewController.swift */ = {isa = PBXFileReference; lastKnownFileType = sourcecode.swift; path = ForYouViewController.swift; sourceTree = "<group>"; };
		1CCC2A822B92220600E7059D /* BuyViewController.swift */ = {isa = PBXFileReference; lastKnownFileType = sourcecode.swift; path = BuyViewController.swift; sourceTree = "<group>"; };
		1CCC2ACC2B960B6400E7059D /* PresentationViewController.swift */ = {isa = PBXFileReference; lastKnownFileType = sourcecode.swift; path = PresentationViewController.swift; sourceTree = "<group>"; };
		1CCC2ACE2B9638F500E7059D /* PresentCreatorViewController.swift */ = {isa = PBXFileReference; lastKnownFileType = sourcecode.swift; path = PresentCreatorViewController.swift; sourceTree = "<group>"; };
/* End PBXFileReference section */

/* Begin PBXFrameworksBuildPhase section */
		1CA579432B8B96480022A39A /* Frameworks */ = {
			isa = PBXFrameworksBuildPhase;
			buildActionMask = 2147483647;
			files = (
			);
			runOnlyForDeploymentPostprocessing = 0;
		};
/* End PBXFrameworksBuildPhase section */

/* Begin PBXGroup section */
		1CA5793D2B8B96470022A39A = {
			isa = PBXGroup;
			children = (
				1CA579482B8B96480022A39A /* UIImage */,
				1CA579472B8B96480022A39A /* Products */,
			);
			sourceTree = "<group>";
		};
		1CA579472B8B96480022A39A /* Products */ = {
			isa = PBXGroup;
			children = (
				1CA579462B8B96480022A39A /* UIImage.app */,
			);
			name = Products;
			sourceTree = "<group>";
		};
		1CA579482B8B96480022A39A /* UIImage */ = {
			isa = PBXGroup;
			children = (
				1CA5795F2B8B96FA0022A39A /* AppRun */,
				1CA579602B8B970C0022A39A /* ViewControllers */,
				1CA579612B8B97150022A39A /* Screens */,
				1CA579642B8CEEB60022A39A /* Model.swift */,
				1CA579522B8B96490022A39A /* Assets.xcassets */,
				1CA579572B8B96490022A39A /* Info.plist */,
			);
			path = UIImage;
			sourceTree = "<group>";
		};
		1CA5795F2B8B96FA0022A39A /* AppRun */ = {
			isa = PBXGroup;
			children = (
				1CA579492B8B96480022A39A /* AppDelegate.swift */,
				1CA5794B2B8B96480022A39A /* SceneDelegate.swift */,
			);
			path = AppRun;
			sourceTree = "<group>";
		};
		1CA579602B8B970C0022A39A /* ViewControllers */ = {
			isa = PBXGroup;
			children = (
				1CA5794D2B8B96480022A39A /* SearchViewController.swift */,
				1CCC2ACC2B960B6400E7059D /* PresentationViewController.swift */,
				1CCC2ACE2B9638F500E7059D /* PresentCreatorViewController.swift */,
				1CCC2A822B92220600E7059D /* BuyViewController.swift */,
				1CA5795D2B8B96F40022A39A /* CartViewController.swift */,
				1CCC2A802B9221A700E7059D /* ForYouViewController.swift */,
				1CA579622B8BD6120022A39A /* GoodsViewController.swift */,
				1CCC2A7E2B921B4300E7059D /* NetViewController.swift */,
			);
			path = ViewControllers;
			sourceTree = "<group>";
		};
		1CA579612B8B97150022A39A /* Screens */ = {
			isa = PBXGroup;
			children = (
				1CA5794F2B8B96480022A39A /* Main.storyboard */,
				1CA579542B8B96490022A39A /* LaunchScreen.storyboard */,
			);
			path = Screens;
			sourceTree = "<group>";
		};
/* End PBXGroup section */

/* Begin PBXNativeTarget section */
		1CA579452B8B96480022A39A /* UIImage */ = {
			isa = PBXNativeTarget;
			buildConfigurationList = 1CA5795A2B8B96490022A39A /* Build configuration list for PBXNativeTarget "UIImage" */;
			buildPhases = (
				1CA579422B8B96480022A39A /* Sources */,
				1CA579432B8B96480022A39A /* Frameworks */,
				1CA579442B8B96480022A39A /* Resources */,
			);
			buildRules = (
			);
			dependencies = (
			);
			name = UIImage;
			productName = UIImage;
			productReference = 1CA579462B8B96480022A39A /* UIImage.app */;
			productType = "com.apple.product-type.application";
		};
/* End PBXNativeTarget section */

/* Begin PBXProject section */
		1CA5793E2B8B96480022A39A /* Project object */ = {
			isa = PBXProject;
			attributes = {
				BuildIndependentTargetsInParallel = 1;
				LastSwiftUpdateCheck = 1520;
				LastUpgradeCheck = 1520;
				TargetAttributes = {
					1CA579452B8B96480022A39A = {
						CreatedOnToolsVersion = 15.2;
					};
				};
			};
			buildConfigurationList = 1CA579412B8B96480022A39A /* Build configuration list for PBXProject "UIScrollView, UIWebView" */;
			compatibilityVersion = "Xcode 14.0";
			developmentRegion = en;
			hasScannedForEncodings = 0;
			knownRegions = (
				en,
				Base,
			);
			mainGroup = 1CA5793D2B8B96470022A39A;
			productRefGroup = 1CA579472B8B96480022A39A /* Products */;
			projectDirPath = "";
			projectRoot = "";
			targets = (
				1CA579452B8B96480022A39A /* UIImage */,
			);
		};
/* End PBXProject section */

/* Begin PBXResourcesBuildPhase section */
		1CA579442B8B96480022A39A /* Resources */ = {
			isa = PBXResourcesBuildPhase;
			buildActionMask = 2147483647;
			files = (
				1CA579562B8B96490022A39A /* LaunchScreen.storyboard in Resources */,
				1CA579532B8B96490022A39A /* Assets.xcassets in Resources */,
				1CA579512B8B96480022A39A /* Main.storyboard in Resources */,
			);
			runOnlyForDeploymentPostprocessing = 0;
		};
/* End PBXResourcesBuildPhase section */

/* Begin PBXSourcesBuildPhase section */
		1CA579422B8B96480022A39A /* Sources */ = {
			isa = PBXSourcesBuildPhase;
			buildActionMask = 2147483647;
			files = (
				1CCC2ACF2B9638F500E7059D /* PresentCreatorViewController.swift in Sources */,
				1CCC2ACD2B960B6400E7059D /* PresentationViewController.swift in Sources */,
				1CCC2A812B9221A700E7059D /* ForYouViewController.swift in Sources */,
				1CA5795E2B8B96F40022A39A /* CartViewController.swift in Sources */,
				1CCC2A832B92220600E7059D /* BuyViewController.swift in Sources */,
				1CA5794E2B8B96480022A39A /* SearchViewController.swift in Sources */,
				1CA5794A2B8B96480022A39A /* AppDelegate.swift in Sources */,
				1CA579652B8CEEB60022A39A /* Model.swift in Sources */,
				1CA579632B8BD6120022A39A /* GoodsViewController.swift in Sources */,
				1CCC2A7F2B921B4300E7059D /* NetViewController.swift in Sources */,
				1CA5794C2B8B96480022A39A /* SceneDelegate.swift in Sources */,
			);
			runOnlyForDeploymentPostprocessing = 0;
		};
/* End PBXSourcesBuildPhase section */

/* Begin PBXVariantGroup section */
		1CA5794F2B8B96480022A39A /* Main.storyboard */ = {
			isa = PBXVariantGroup;
			children = (
				1CA579502B8B96480022A39A /* Base */,
			);
			name = Main.storyboard;
			sourceTree = "<group>";
		};
		1CA579542B8B96490022A39A /* LaunchScreen.storyboard */ = {
			isa = PBXVariantGroup;
			children = (
				1CA579552B8B96490022A39A /* Base */,
			);
			name = LaunchScreen.storyboard;
			sourceTree = "<group>";
		};
/* End PBXVariantGroup section */

/* Begin XCBuildConfiguration section */
		1CA579582B8B96490022A39A /* Debug */ = {
			isa = XCBuildConfiguration;
			buildSettings = {
				ALWAYS_SEARCH_USER_PATHS = NO;
				ASSETCATALOG_COMPILER_GENERATE_SWIFT_ASSET_SYMBOL_EXTENSIONS = YES;
				CLANG_ANALYZER_NONNULL = YES;
				CLANG_ANALYZER_NUMBER_OBJECT_CONVERSION = YES_AGGRESSIVE;
				CLANG_CXX_LANGUAGE_STANDARD = "gnu++20";
				CLANG_ENABLE_MODULES = YES;
				CLANG_ENABLE_OBJC_ARC = YES;
				CLANG_ENABLE_OBJC_WEAK = YES;
				CLANG_WARN_BLOCK_CAPTURE_AUTORELEASING = YES;
				CLANG_WARN_BOOL_CONVERSION = YES;
				CLANG_WARN_COMMA = YES;
				CLANG_WARN_CONSTANT_CONVERSION = YES;
				CLANG_WARN_DEPRECATED_OBJC_IMPLEMENTATIONS = YES;
				CLANG_WARN_DIRECT_OBJC_ISA_USAGE = YES_ERROR;
				CLANG_WARN_DOCUMENTATION_COMMENTS = YES;
				CLANG_WARN_EMPTY_BODY = YES;
				CLANG_WARN_ENUM_CONVERSION = YES;
				CLANG_WARN_INFINITE_RECURSION = YES;
				CLANG_WARN_INT_CONVERSION = YES;
				CLANG_WARN_NON_LITERAL_NULL_CONVERSION = YES;
				CLANG_WARN_OBJC_IMPLICIT_RETAIN_SELF = YES;
				CLANG_WARN_OBJC_LITERAL_CONVERSION = YES;
				CLANG_WARN_OBJC_ROOT_CLASS = YES_ERROR;
				CLANG_WARN_QUOTED_INCLUDE_IN_FRAMEWORK_HEADER = YES;
				CLANG_WARN_RANGE_LOOP_ANALYSIS = YES;
				CLANG_WARN_STRICT_PROTOTYPES = YES;
				CLANG_WARN_SUSPICIOUS_MOVE = YES;
				CLANG_WARN_UNGUARDED_AVAILABILITY = YES_AGGRESSIVE;
				CLANG_WARN_UNREACHABLE_CODE = YES;
				CLANG_WARN__DUPLICATE_METHOD_MATCH = YES;
				COPY_PHASE_STRIP = NO;
				DEBUG_INFORMATION_FORMAT = dwarf;
				ENABLE_STRICT_OBJC_MSGSEND = YES;
				ENABLE_TESTABILITY = YES;
				ENABLE_USER_SCRIPT_SANDBOXING = YES;
				GCC_C_LANGUAGE_STANDARD = gnu17;
				GCC_DYNAMIC_NO_PIC = NO;
				GCC_NO_COMMON_BLOCKS = YES;
				GCC_OPTIMIZATION_LEVEL = 0;
				GCC_PREPROCESSOR_DEFINITIONS = (
					"DEBUG=1",
					"$(inherited)",
				);
				GCC_WARN_64_TO_32_BIT_CONVERSION = YES;
				GCC_WARN_ABOUT_RETURN_TYPE = YES_ERROR;
				GCC_WARN_UNDECLARED_SELECTOR = YES;
				GCC_WARN_UNINITIALIZED_AUTOS = YES_AGGRESSIVE;
				GCC_WARN_UNUSED_FUNCTION = YES;
				GCC_WARN_UNUSED_VARIABLE = YES;
				IPHONEOS_DEPLOYMENT_TARGET = 17.2;
				LOCALIZATION_PREFERS_STRING_CATALOGS = YES;
				MTL_ENABLE_DEBUG_INFO = INCLUDE_SOURCE;
				MTL_FAST_MATH = YES;
				ONLY_ACTIVE_ARCH = YES;
				SDKROOT = iphoneos;
				SWIFT_ACTIVE_COMPILATION_CONDITIONS = "DEBUG $(inherited)";
				SWIFT_OPTIMIZATION_LEVEL = "-Onone";
			};
			name = Debug;
		};
		1CA579592B8B96490022A39A /* Release */ = {
			isa = XCBuildConfiguration;
			buildSettings = {
				ALWAYS_SEARCH_USER_PATHS = NO;
				ASSETCATALOG_COMPILER_GENERATE_SWIFT_ASSET_SYMBOL_EXTENSIONS = YES;
				CLANG_ANALYZER_NONNULL = YES;
				CLANG_ANALYZER_NUMBER_OBJECT_CONVERSION = YES_AGGRESSIVE;
				CLANG_CXX_LANGUAGE_STANDARD = "gnu++20";
				CLANG_ENABLE_MODULES = YES;
				CLANG_ENABLE_OBJC_ARC = YES;
				CLANG_ENABLE_OBJC_WEAK = YES;
				CLANG_WARN_BLOCK_CAPTURE_AUTORELEASING = YES;
				CLANG_WARN_BOOL_CONVERSION = YES;
				CLANG_WARN_COMMA = YES;
				CLANG_WARN_CONSTANT_CONVERSION = YES;
				CLANG_WARN_DEPRECATED_OBJC_IMPLEMENTATIONS = YES;
				CLANG_WARN_DIRECT_OBJC_ISA_USAGE = YES_ERROR;
				CLANG_WARN_DOCUMENTATION_COMMENTS = YES;
				CLANG_WARN_EMPTY_BODY = YES;
				CLANG_WARN_ENUM_CONVERSION = YES;
				CLANG_WARN_INFINITE_RECURSION = YES;
				CLANG_WARN_INT_CONVERSION = YES;
				CLANG_WARN_NON_LITERAL_NULL_CONVERSION = YES;
				CLANG_WARN_OBJC_IMPLICIT_RETAIN_SELF = YES;
				CLANG_WARN_OBJC_LITERAL_CONVERSION = YES;
				CLANG_WARN_OBJC_ROOT_CLASS = YES_ERROR;
				CLANG_WARN_QUOTED_INCLUDE_IN_FRAMEWORK_HEADER = YES;
				CLANG_WARN_RANGE_LOOP_ANALYSIS = YES;
				CLANG_WARN_STRICT_PROTOTYPES = YES;
				CLANG_WARN_SUSPICIOUS_MOVE = YES;
				CLANG_WARN_UNGUARDED_AVAILABILITY = YES_AGGRESSIVE;
				CLANG_WARN_UNREACHABLE_CODE = YES;
				CLANG_WARN__DUPLICATE_METHOD_MATCH = YES;
				COPY_PHASE_STRIP = NO;
				DEBUG_INFORMATION_FORMAT = "dwarf-with-dsym";
				ENABLE_NS_ASSERTIONS = NO;
				ENABLE_STRICT_OBJC_MSGSEND = YES;
				ENABLE_USER_SCRIPT_SANDBOXING = YES;
				GCC_C_LANGUAGE_STANDARD = gnu17;
				GCC_NO_COMMON_BLOCKS = YES;
				GCC_WARN_64_TO_32_BIT_CONVERSION = YES;
				GCC_WARN_ABOUT_RETURN_TYPE = YES_ERROR;
				GCC_WARN_UNDECLARED_SELECTOR = YES;
				GCC_WARN_UNINITIALIZED_AUTOS = YES_AGGRESSIVE;
				GCC_WARN_UNUSED_FUNCTION = YES;
				GCC_WARN_UNUSED_VARIABLE = YES;
				IPHONEOS_DEPLOYMENT_TARGET = 17.2;
				LOCALIZATION_PREFERS_STRING_CATALOGS = YES;
				MTL_ENABLE_DEBUG_INFO = NO;
				MTL_FAST_MATH = YES;
				SDKROOT = iphoneos;
				SWIFT_COMPILATION_MODE = wholemodule;
				VALIDATE_PRODUCT = YES;
			};
			name = Release;
		};
		1CA5795B2B8B96490022A39A /* Debug */ = {
			isa = XCBuildConfiguration;
			buildSettings = {
				ASSETCATALOG_COMPILER_APPICON_NAME = AppIcon;
				ASSETCATALOG_COMPILER_GLOBAL_ACCENT_COLOR_NAME = AccentColor;
				CODE_SIGN_STYLE = Automatic;
				CURRENT_PROJECT_VERSION = 1;
				GENERATE_INFOPLIST_FILE = YES;
				INFOPLIST_FILE = UIImage/Info.plist;
				INFOPLIST_KEY_UIApplicationSupportsIndirectInputEvents = YES;
				INFOPLIST_KEY_UILaunchStoryboardName = LaunchScreen;
				INFOPLIST_KEY_UIMainStoryboardFile = Main;
				INFOPLIST_KEY_UISupportedInterfaceOrientations_iPad = "UIInterfaceOrientationPortrait UIInterfaceOrientationPortraitUpsideDown UIInterfaceOrientationLandscapeLeft UIInterfaceOrientationLandscapeRight";
				INFOPLIST_KEY_UISupportedInterfaceOrientations_iPhone = "UIInterfaceOrientationPortrait UIInterfaceOrientationLandscapeLeft UIInterfaceOrientationLandscapeRight";
				LD_RUNPATH_SEARCH_PATHS = (
					"$(inherited)",
					"@executable_path/Frameworks",
				);
				MARKETING_VERSION = 1.0;
				PRODUCT_BUNDLE_IDENTIFIER = swiftlessons.UIImage;
				PRODUCT_NAME = "$(TARGET_NAME)";
				SWIFT_EMIT_LOC_STRINGS = YES;
				SWIFT_VERSION = 5.0;
				TARGETED_DEVICE_FAMILY = "1,2";
			};
			name = Debug;
		};
		1CA5795C2B8B96490022A39A /* Release */ = {
			isa = XCBuildConfiguration;
			buildSettings = {
				ASSETCATALOG_COMPILER_APPICON_NAME = AppIcon;
				ASSETCATALOG_COMPILER_GLOBAL_ACCENT_COLOR_NAME = AccentColor;
				CODE_SIGN_STYLE = Automatic;
				CURRENT_PROJECT_VERSION = 1;
				GENERATE_INFOPLIST_FILE = YES;
				INFOPLIST_FILE = UIImage/Info.plist;
				INFOPLIST_KEY_UIApplicationSupportsIndirectInputEvents = YES;
				INFOPLIST_KEY_UILaunchStoryboardName = LaunchScreen;
				INFOPLIST_KEY_UIMainStoryboardFile = Main;
				INFOPLIST_KEY_UISupportedInterfaceOrientations_iPad = "UIInterfaceOrientationPortrait UIInterfaceOrientationPortraitUpsideDown UIInterfaceOrientationLandscapeLeft UIInterfaceOrientationLandscapeRight";
				INFOPLIST_KEY_UISupportedInterfaceOrientations_iPhone = "UIInterfaceOrientationPortrait UIInterfaceOrientationLandscapeLeft UIInterfaceOrientationLandscapeRight";
				LD_RUNPATH_SEARCH_PATHS = (
					"$(inherited)",
					"@executable_path/Frameworks",
				);
				MARKETING_VERSION = 1.0;
				PRODUCT_BUNDLE_IDENTIFIER = swiftlessons.UIImage;
				PRODUCT_NAME = "$(TARGET_NAME)";
				SWIFT_EMIT_LOC_STRINGS = YES;
				SWIFT_VERSION = 5.0;
				TARGETED_DEVICE_FAMILY = "1,2";
			};
			name = Release;
		};
/* End XCBuildConfiguration section */

/* Begin XCConfigurationList section */
		1CA579412B8B96480022A39A /* Build configuration list for PBXProject "UIScrollView, UIWebView" */ = {
			isa = XCConfigurationList;
			buildConfigurations = (
				1CA579582B8B96490022A39A /* Debug */,
				1CA579592B8B96490022A39A /* Release */,
			);
			defaultConfigurationIsVisible = 0;
			defaultConfigurationName = Release;
		};
		1CA5795A2B8B96490022A39A /* Build configuration list for PBXNativeTarget "UIImage" */ = {
			isa = XCConfigurationList;
			buildConfigurations = (
				1CA5795B2B8B96490022A39A /* Debug */,
				1CA5795C2B8B96490022A39A /* Release */,
			);
			defaultConfigurationIsVisible = 0;
			defaultConfigurationName = Release;
		};
/* End XCConfigurationList section */
	};
	rootObject = 1CA5793E2B8B96480022A39A /* Project object */;
}
